
Microsoft Visual Studio Solution File, Format Version 12.00
# Visual Studio Version 17
VisualStudioVersion = 17.8.34330.188
MinimumVisualStudioVersion = 10.0.40219.1
Project("{FAE04EC0-301F-11D3-BF4B-00C04F79EFBC}") = "StoreManagePlan", "StoreManagePlan\StoreManagePlan.csproj", "{678E2B76-6D56-4ED5-AD5B-849FA3DE089A}"
EndProject
Global
	GlobalSection(SolutionConfigurationPlatforms) = preSolution
		Debug|Any CPU = Debug|Any CPU
		Release|Any CPU = Release|Any CPU
	EndGlobalSection
	GlobalSection(ProjectConfigurationPlatforms) = postSolution
		{678E2B76-6D56-4ED5-AD5B-849FA3DE089A}.Debug|Any CPU.ActiveCfg = Debug|Any CPU
		{678E2B76-6D56-4ED5-AD5B-849FA3DE089A}.Debug|Any CPU.Build.0 = Debug|Any CPU
		{678E2B76-6D56-4ED5-AD5B-849FA3DE089A}.Release|Any CPU.ActiveCfg = Release|Any CPU
		{678E2B76-6D56-4ED5-AD5B-849FA3DE089A}.Release|Any CPU.Build.0 = Release|Any CPU
	EndGlobalSection
	GlobalSection(SolutionProperties) = preSolution
		HideSolutionNode = FALSE
	EndGlobalSection
	GlobalSection(ExtensibilityGlobals) = postSolution
		SolutionGuid = {57F097C3-1A54-4433-9F53-D7D7E506616C}
	EndGlobalSection
EndGlobal
